
Microsoft Visual Studio Solution File, Format Version 12.00
# Visual Studio Version 17
VisualStudioVersion = 17.10.35122.118
MinimumVisualStudioVersion = 10.0.40219.1
Project("{FAE04EC0-301F-11D3-BF4B-00C04F79EFBC}") = "Barzellette", "Barzellette\Barzellette.csproj", "{527C4A1C-8810-4C5F-A683-4F55A192D737}"
EndProject
Global
	GlobalSection(SolutionConfigurationPlatforms) = preSolution
		Debug|Any CPU = Debug|Any CPU
		Release|Any CPU = Release|Any CPU
	EndGlobalSection
	GlobalSection(ProjectConfigurationPlatforms) = postSolution
		{527C4A1C-8810-4C5F-A683-4F55A192D737}.Debug|Any CPU.ActiveCfg = Debug|Any CPU
		{527C4A1C-8810-4C5F-A683-4F55A192D737}.Debug|Any CPU.Build.0 = Debug|Any CPU
		{527C4A1C-8810-4C5F-A683-4F55A192D737}.Release|Any CPU.ActiveCfg = Release|Any CPU
		{527C4A1C-8810-4C5F-A683-4F55A192D737}.Release|Any CPU.Build.0 = Release|Any CPU
	EndGlobalSection
	GlobalSection(SolutionProperties) = preSolution
		HideSolutionNode = FALSE
	EndGlobalSection
	GlobalSection(ExtensibilityGlobals) = postSolution
		SolutionGuid = {E86F581D-D985-47B5-B981-E85DA4DE12E8}
	EndGlobalSection
EndGlobal
