
Microsoft Visual Studio Solution File, Format Version 12.00
# Visual Studio Version 17
VisualStudioVersion = 17.7.34018.315
MinimumVisualStudioVersion = 10.0.40219.1
Project("{9A19103F-16F7-4668-BE54-9A1E7A4F7556}") = "Barzellette", "Barzellette\Barzellette.csproj", "{D6AF9645-4D3A-4DDD-99AC-5FE332D0AD7D}"
EndProject
Project("{9A19103F-16F7-4668-BE54-9A1E7A4F7556}") = "Barzellette.Desktop", "Barzellette.Desktop\Barzellette.Desktop.csproj", "{1E2984E6-6A6E-402D-85A7-59B2F8027969}"
EndProject
Global
	GlobalSection(SolutionConfigurationPlatforms) = preSolution
		Debug|Any CPU = Debug|Any CPU
		Release|Any CPU = Release|Any CPU
	EndGlobalSection
	GlobalSection(ProjectConfigurationPlatforms) = postSolution
		{D6AF9645-4D3A-4DDD-99AC-5FE332D0AD7D}.Debug|Any CPU.ActiveCfg = Debug|Any CPU
		{D6AF9645-4D3A-4DDD-99AC-5FE332D0AD7D}.Debug|Any CPU.Build.0 = Debug|Any CPU
		{D6AF9645-4D3A-4DDD-99AC-5FE332D0AD7D}.Release|Any CPU.ActiveCfg = Release|Any CPU
		{D6AF9645-4D3A-4DDD-99AC-5FE332D0AD7D}.Release|Any CPU.Build.0 = Release|Any CPU
		{1E2984E6-6A6E-402D-85A7-59B2F8027969}.Debug|Any CPU.ActiveCfg = Debug|Any CPU
		{1E2984E6-6A6E-402D-85A7-59B2F8027969}.Debug|Any CPU.Build.0 = Debug|Any CPU
		{1E2984E6-6A6E-402D-85A7-59B2F8027969}.Release|Any CPU.ActiveCfg = Release|Any CPU
		{1E2984E6-6A6E-402D-85A7-59B2F8027969}.Release|Any CPU.Build.0 = Release|Any CPU
	EndGlobalSection
	GlobalSection(SolutionProperties) = preSolution
		HideSolutionNode = FALSE
	EndGlobalSection
	GlobalSection(ExtensibilityGlobals) = postSolution
		SolutionGuid = {4FD5A87B-029A-40B6-8714-0F40A9666BB3}
	EndGlobalSection
EndGlobal
